// !$*UTF8*$!
{
	archiveVersion = 1;
	classes = {
	};
	objectVersion = 48;
	objects = {

/* Begin PBXBuildFile section */
		BE81F7692030098500170739 /* AppDelegate.swift in Sources */ = {isa = PBXBuildFile; fileRef = BE81F7682030098500170739 /* AppDelegate.swift */; };
		BE81F76B2030098500170739 /* ViewController.swift in Sources */ = {isa = PBXBuildFile; fileRef = BE81F76A2030098500170739 /* ViewController.swift */; };
		BE81F76E2030098500170739 /* Main.storyboard in Resources */ = {isa = PBXBuildFile; fileRef = BE81F76C2030098500170739 /* Main.storyboard */; };
		BE81F7702030098500170739 /* Assets.xcassets in Resources */ = {isa = PBXBuildFile; fileRef = BE81F76F2030098500170739 /* Assets.xcassets */; };
		BE81F7732030098500170739 /* LaunchScreen.storyboard in Resources */ = {isa = PBXBuildFile; fileRef = BE81F7712030098500170739 /* LaunchScreen.storyboard */; };
		BE81F77E2030098600170739 /* EmiratesCSTests.swift in Sources */ = {isa = PBXBuildFile; fileRef = BE81F77D2030098600170739 /* EmiratesCSTests.swift */; };
		BE81F7892030204500170739 /* BowlingScrorer.swift in Sources */ = {isa = PBXBuildFile; fileRef = BE81F7882030204500170739 /* BowlingScrorer.swift */; };
/* End PBXBuildFile section */

/* Begin PBXContainerItemProxy section */
		BE81F77A2030098600170739 /* PBXContainerItemProxy */ = {
			isa = PBXContainerItemProxy;
			containerPortal = BE81F75D2030098500170739 /* Project object */;
			proxyType = 1;
			remoteGlobalIDString = BE81F7642030098500170739;
			remoteInfo = EmiratesCS;
		};
/* End PBXContainerItemProxy section */

/* Begin PBXFileReference section */
		BE81F7652030098500170739 /* EmiratesCS.app */ = {isa = PBXFileReference; explicitFileType = wrapper.application; includeInIndex = 0; path = EmiratesCS.app; sourceTree = BUILT_PRODUCTS_DIR; };
		BE81F7682030098500170739 /* AppDelegate.swift */ = {isa = PBXFileReference; lastKnownFileType = sourcecode.swift; path = AppDelegate.swift; sourceTree = "<group>"; };
		BE81F76A2030098500170739 /* ViewController.swift */ = {isa = PBXFileReference; lastKnownFileType = sourcecode.swift; path = ViewController.swift; sourceTree = "<group>"; };
		BE81F76D2030098500170739 /* Base */ = {isa = PBXFileReference; lastKnownFileType = file.storyboard; name = Base; path = Base.lproj/Main.storyboard; sourceTree = "<group>"; };
		BE81F76F2030098500170739 /* Assets.xcassets */ = {isa = PBXFileReference; lastKnownFileType = folder.assetcatalog; path = Assets.xcassets; sourceTree = "<group>"; };
		BE81F7722030098500170739 /* Base */ = {isa = PBXFileReference; lastKnownFileType = file.storyboard; name = Base; path = Base.lproj/LaunchScreen.storyboard; sourceTree = "<group>"; };
		BE81F7742030098500170739 /* Info.plist */ = {isa = PBXFileReference; lastKnownFileType = text.plist.xml; path = Info.plist; sourceTree = "<group>"; };
		BE81F7792030098600170739 /* EmiratesCSTests.xctest */ = {isa = PBXFileReference; explicitFileType = wrapper.cfbundle; includeInIndex = 0; path = EmiratesCSTests.xctest; sourceTree = BUILT_PRODUCTS_DIR; };
		BE81F77D2030098600170739 /* EmiratesCSTests.swift */ = {isa = PBXFileReference; lastKnownFileType = sourcecode.swift; path = EmiratesCSTests.swift; sourceTree = "<group>"; };
		BE81F77F2030098600170739 /* Info.plist */ = {isa = PBXFileReference; lastKnownFileType = text.plist.xml; path = Info.plist; sourceTree = "<group>"; };
		BE81F7882030204500170739 /* BowlingScrorer.swift */ = {isa = PBXFileReference; lastKnownFileType = sourcecode.swift; path = BowlingScrorer.swift; sourceTree = "<group>"; };
/* End PBXFileReference section */

/* Begin PBXFrameworksBuildPhase section */
		BE81F7622030098500170739 /* Frameworks */ = {
			isa = PBXFrameworksBuildPhase;
			buildActionMask = 2147483647;
			files = (
			);
			runOnlyForDeploymentPostprocessing = 0;
		};
		BE81F7762030098600170739 /* Frameworks */ = {
			isa = PBXFrameworksBuildPhase;
			buildActionMask = 2147483647;
			files = (
			);
			runOnlyForDeploymentPostprocessing = 0;
		};
/* End PBXFrameworksBuildPhase section */

/* Begin PBXGroup section */
		BE81F75C2030098500170739 = {
			isa = PBXGroup;
			children = (
				BE81F7672030098500170739 /* EmiratesCS */,
				BE81F77C2030098600170739 /* EmiratesCSTests */,
				BE81F7662030098500170739 /* Products */,
			);
			sourceTree = "<group>";
		};
		BE81F7662030098500170739 /* Products */ = {
			isa = PBXGroup;
			children = (
				BE81F7652030098500170739 /* EmiratesCS.app */,
				BE81F7792030098600170739 /* EmiratesCSTests.xctest */,
			);
			name = Products;
			sourceTree = "<group>";
		};
		BE81F7672030098500170739 /* EmiratesCS */ = {
			isa = PBXGroup;
			children = (
				BE81F7682030098500170739 /* AppDelegate.swift */,
				BE81F76A2030098500170739 /* ViewController.swift */,
				BE81F7882030204500170739 /* BowlingScrorer.swift */,
				BE81F76C2030098500170739 /* Main.storyboard */,
				BE81F76F2030098500170739 /* Assets.xcassets */,
				BE81F7712030098500170739 /* LaunchScreen.storyboard */,
				BE81F7742030098500170739 /* Info.plist */,
			);
			path = EmiratesCS;
			sourceTree = "<group>";
		};
		BE81F77C2030098600170739 /* EmiratesCSTests */ = {
			isa = PBXGroup;
			children = (
				BE81F77D2030098600170739 /* EmiratesCSTests.swift */,
				BE81F77F2030098600170739 /* Info.plist */,
			);
			path = EmiratesCSTests;
			sourceTree = "<group>";
		};
/* End PBXGroup section */

/* Begin PBXNativeTarget section */
		BE81F7642030098500170739 /* EmiratesCS */ = {
			isa = PBXNativeTarget;
			buildConfigurationList = BE81F7822030098600170739 /* Build configuration list for PBXNativeTarget "EmiratesCS" */;
			buildPhases = (
				BE81F7612030098500170739 /* Sources */,
				BE81F7622030098500170739 /* Frameworks */,
				BE81F7632030098500170739 /* Resources */,
			);
			buildRules = (
			);
			dependencies = (
			);
			name = EmiratesCS;
			productName = EmiratesCS;
			productReference = BE81F7652030098500170739 /* EmiratesCS.app */;
			productType = "com.apple.product-type.application";
		};
		BE81F7782030098600170739 /* EmiratesCSTests */ = {
			isa = PBXNativeTarget;
			buildConfigurationList = BE81F7852030098600170739 /* Build configuration list for PBXNativeTarget "EmiratesCSTests" */;
			buildPhases = (
				BE81F7752030098600170739 /* Sources */,
				BE81F7762030098600170739 /* Frameworks */,
				BE81F7772030098600170739 /* Resources */,
			);
			buildRules = (
			);
			dependencies = (
				BE81F77B2030098600170739 /* PBXTargetDependency */,
			);
			name = EmiratesCSTests;
			productName = EmiratesCSTests;
			productReference = BE81F7792030098600170739 /* EmiratesCSTests.xctest */;
			productType = "com.apple.product-type.bundle.unit-test";
		};
/* End PBXNativeTarget section */

/* Begin PBXProject section */
		BE81F75D2030098500170739 /* Project object */ = {
			isa = PBXProject;
			attributes = {
				LastSwiftUpdateCheck = 0920;
				LastUpgradeCheck = 0920;
				ORGANIZATIONNAME = SIVVI;
				TargetAttributes = {
					BE81F7642030098500170739 = {
						CreatedOnToolsVersion = 9.2;
						ProvisioningStyle = Automatic;
					};
					BE81F7782030098600170739 = {
						CreatedOnToolsVersion = 9.2;
						ProvisioningStyle = Automatic;
						TestTargetID = BE81F7642030098500170739;
					};
				};
			};
			buildConfigurationList = BE81F7602030098500170739 /* Build configuration list for PBXProject "EmiratesCS" */;
			compatibilityVersion = "Xcode 8.0";
			developmentRegion = en;
			hasScannedForEncodings = 0;
			knownRegions = (
				en,
				Base,
			);
			mainGroup = BE81F75C2030098500170739;
			productRefGroup = BE81F7662030098500170739 /* Products */;
			projectDirPath = "";
			projectRoot = "";
			targets = (
				BE81F7642030098500170739 /* EmiratesCS */,
				BE81F7782030098600170739 /* EmiratesCSTests */,
			);
		};
/* End PBXProject section */

/* Begin PBXResourcesBuildPhase section */
		BE81F7632030098500170739 /* Resources */ = {
			isa = PBXResourcesBuildPhase;
			buildActionMask = 2147483647;
			files = (
				BE81F7732030098500170739 /* LaunchScreen.storyboard in Resources */,
				BE81F7702030098500170739 /* Assets.xcassets in Resources */,
				BE81F76E2030098500170739 /* Main.storyboard in Resources */,
			);
			runOnlyForDeploymentPostprocessing = 0;
		};
		BE81F7772030098600170739 /* Resources */ = {
			isa = PBXResourcesBuildPhase;
			buildActionMask = 2147483647;
			files = (
			);
			runOnlyForDeploymentPostprocessing = 0;
		};
/* End PBXResourcesBuildPhase section */

/* Begin PBXSourcesBuildPhase section */
		BE81F7612030098500170739 /* Sources */ = {
			isa = PBXSourcesBuildPhase;
			buildActionMask = 2147483647;
			files = (
				BE81F76B2030098500170739 /* ViewController.swift in Sources */,
				BE81F7892030204500170739 /* BowlingScrorer.swift in Sources */,
				BE81F7692030098500170739 /* AppDelegate.swift in Sources */,
			);
			runOnlyForDeploymentPostprocessing = 0;
		};
		BE81F7752030098600170739 /* Sources */ = {
			isa = PBXSourcesBuildPhase;
			buildActionMask = 2147483647;
			files = (
				BE81F77E2030098600170739 /* EmiratesCSTests.swift in Sources */,
			);
			runOnlyForDeploymentPostprocessing = 0;
		};
/* End PBXSourcesBuildPhase section */

/* Begin PBXTargetDependency section */
		BE81F77B2030098600170739 /* PBXTargetDependency */ = {
			isa = PBXTargetDependency;
			target = BE81F7642030098500170739 /* EmiratesCS */;
			targetProxy = BE81F77A2030098600170739 /* PBXContainerItemProxy */;
		};
/* End PBXTargetDependency section */

/* Begin PBXVariantGroup section */
		BE81F76C2030098500170739 /* Main.storyboard */ = {
			isa = PBXVariantGroup;
			children = (
				BE81F76D2030098500170739 /* Base */,
			);
			name = Main.storyboard;
			sourceTree = "<group>";
		};
		BE81F7712030098500170739 /* LaunchScreen.storyboard */ = {
			isa = PBXVariantGroup;
			children = (
				BE81F7722030098500170739 /* Base */,
			);
			name = LaunchScreen.storyboard;
			sourceTree = "<group>";
		};
/* End PBXVariantGroup section */

/* Begin XCBuildConfiguration section */
		BE81F7802030098600170739 /* Debug */ = {
			isa = XCBuildConfiguration;
			buildSettings = {
				ALWAYS_SEARCH_USER_PATHS = NO;
				CLANG_ANALYZER_NONNULL = YES;
				CLANG_ANALYZER_NUMBER_OBJECT_CONVERSION = YES_AGGRESSIVE;
				CLANG_CXX_LANGUAGE_STANDARD = "gnu++14";
				CLANG_CXX_LIBRARY = "libc++";
				CLANG_ENABLE_MODULES = YES;
				CLANG_ENABLE_OBJC_ARC = YES;
				CLANG_WARN_BLOCK_CAPTURE_AUTORELEASING = YES;
				CLANG_WARN_BOOL_CONVERSION = YES;
				CLANG_WARN_COMMA = YES;
				CLANG_WARN_CONSTANT_CONVERSION = YES;
				CLANG_WARN_DIRECT_OBJC_ISA_USAGE = YES_ERROR;
				CLANG_WARN_DOCUMENTATION_COMMENTS = YES;
				CLANG_WARN_EMPTY_BODY = YES;
				CLANG_WARN_ENUM_CONVERSION = YES;
				CLANG_WARN_INFINITE_RECURSION = YES;
				CLANG_WARN_INT_CONVERSION = YES;
				CLANG_WARN_NON_LITERAL_NULL_CONVERSION = YES;
				CLANG_WARN_OBJC_LITERAL_CONVERSION = YES;
				CLANG_WARN_OBJC_ROOT_CLASS = YES_ERROR;
				CLANG_WARN_RANGE_LOOP_ANALYSIS = YES;
				CLANG_WARN_STRICT_PROTOTYPES = YES;
				CLANG_WARN_SUSPICIOUS_MOVE = YES;
				CLANG_WARN_UNGUARDED_AVAILABILITY = YES_AGGRESSIVE;
				CLANG_WARN_UNREACHABLE_CODE = YES;
				CLANG_WARN__DUPLICATE_METHOD_MATCH = YES;
				CODE_SIGN_IDENTITY = "iPhone Developer";
				COPY_PHASE_STRIP = NO;
				DEBUG_INFORMATION_FORMAT = dwarf;
				ENABLE_STRICT_OBJC_MSGSEND = YES;
				ENABLE_TESTABILITY = YES;
				GCC_C_LANGUAGE_STANDARD = gnu11;
				GCC_DYNAMIC_NO_PIC = NO;
				GCC_NO_COMMON_BLOCKS = YES;
				GCC_OPTIMIZATION_LEVEL = 0;
				GCC_PREPROCESSOR_DEFINITIONS = (
					"DEBUG=1",
					"$(inherited)",
				);
				GCC_WARN_64_TO_32_BIT_CONVERSION = YES;
				GCC_WARN_ABOUT_RETURN_TYPE = YES_ERROR;
				GCC_WARN_UNDECLARED_SELECTOR = YES;
				GCC_WARN_UNINITIALIZED_AUTOS = YES_AGGRESSIVE;
				GCC_WARN_UNUSED_FUNCTION = YES;
				GCC_WARN_UNUSED_VARIABLE = YES;
				IPHONEOS_DEPLOYMENT_TARGET = 11.2;
				MTL_ENABLE_DEBUG_INFO = YES;
				ONLY_ACTIVE_ARCH = YES;
				SDKROOT = iphoneos;
				SWIFT_ACTIVE_COMPILATION_CONDITIONS = DEBUG;
				SWIFT_OPTIMIZATION_LEVEL = "-Onone";
			};
			name = Debug;
		};
		BE81F7812030098600170739 /* Release */ = {
			isa = XCBuildConfiguration;
			buildSettings = {
				ALWAYS_SEARCH_USER_PATHS = NO;
				CLANG_ANALYZER_NONNULL = YES;
				CLANG_ANALYZER_NUMBER_OBJECT_CONVERSION = YES_AGGRESSIVE;
				CLANG_CXX_LANGUAGE_STANDARD = "gnu++14";
				CLANG_CXX_LIBRARY = "libc++";
				CLANG_ENABLE_MODULES = YES;
				CLANG_ENABLE_OBJC_ARC = YES;
				CLANG_WARN_BLOCK_CAPTURE_AUTORELEASING = YES;
				CLANG_WARN_BOOL_CONVERSION = YES;
				CLANG_WARN_COMMA = YES;
				CLANG_WARN_CONSTANT_CONVERSION = YES;
				CLANG_WARN_DIRECT_OBJC_ISA_USAGE = YES_ERROR;
				CLANG_WARN_DOCUMENTATION_COMMENTS = YES;
				CLANG_WARN_EMPTY_BODY = YES;
				CLANG_WARN_ENUM_CONVERSION = YES;
				CLANG_WARN_INFINITE_RECURSION = YES;
				CLANG_WARN_INT_CONVERSION = YES;
				CLANG_WARN_NON_LITERAL_NULL_CONVERSION = YES;
				CLANG_WARN_OBJC_LITERAL_CONVERSION = YES;
				CLANG_WARN_OBJC_ROOT_CLASS = YES_ERROR;
				CLANG_WARN_RANGE_LOOP_ANALYSIS = YES;
				CLANG_WARN_STRICT_PROTOTYPES = YES;
				CLANG_WARN_SUSPICIOUS_MOVE = YES;
				CLANG_WARN_UNGUARDED_AVAILABILITY = YES_AGGRESSIVE;
				CLANG_WARN_UNREACHABLE_CODE = YES;
				CLANG_WARN__DUPLICATE_METHOD_MATCH = YES;
				CODE_SIGN_IDENTITY = "iPhone Developer";
				COPY_PHASE_STRIP = NO;
				DEBUG_INFORMATION_FORMAT = "dwarf-with-dsym";
				ENABLE_NS_ASSERTIONS = NO;
				ENABLE_STRICT_OBJC_MSGSEND = YES;
				GCC_C_LANGUAGE_STANDARD = gnu11;
				GCC_NO_COMMON_BLOCKS = YES;
				GCC_WARN_64_TO_32_BIT_CONVERSION = YES;
				GCC_WARN_ABOUT_RETURN_TYPE = YES_ERROR;
				GCC_WARN_UNDECLARED_SELECTOR = YES;
				GCC_WARN_UNINITIALIZED_AUTOS = YES_AGGRESSIVE;
				GCC_WARN_UNUSED_FUNCTION = YES;
				GCC_WARN_UNUSED_VARIABLE = YES;
				IPHONEOS_DEPLOYMENT_TARGET = 11.2;
				MTL_ENABLE_DEBUG_INFO = NO;
				SDKROOT = iphoneos;
				SWIFT_OPTIMIZATION_LEVEL = "-Owholemodule";
				VALIDATE_PRODUCT = YES;
			};
			name = Release;
		};
		BE81F7832030098600170739 /* Debug */ = {
			isa = XCBuildConfiguration;
			buildSettings = {
				ASSETCATALOG_COMPILER_APPICON_NAME = AppIcon;
				CODE_SIGN_STYLE = Automatic;
				DEVELOPMENT_TEAM = 5GBJP5SBDD;
				INFOPLIST_FILE = EmiratesCS/Info.plist;
				LD_RUNPATH_SEARCH_PATHS = "$(inherited) @executable_path/Frameworks";
				PRODUCT_BUNDLE_IDENTIFIER = com.casestudy.app.EmiratesCS;
				PRODUCT_NAME = "$(TARGET_NAME)";
				SWIFT_VERSION = 4.0;
				TARGETED_DEVICE_FAMILY = "1,2";
			};
			name = Debug;
		};
		BE81F7842030098600170739 /* Release */ = {
			isa = XCBuildConfiguration;
			buildSettings = {
				ASSETCATALOG_COMPILER_APPICON_NAME = AppIcon;
				CODE_SIGN_STYLE = Automatic;
				DEVELOPMENT_TEAM = 5GBJP5SBDD;
				INFOPLIST_FILE = EmiratesCS/Info.plist;
				LD_RUNPATH_SEARCH_PATHS = "$(inherited) @executable_path/Frameworks";
				PRODUCT_BUNDLE_IDENTIFIER = com.casestudy.app.EmiratesCS;
				PRODUCT_NAME = "$(TARGET_NAME)";
				SWIFT_VERSION = 4.0;
				TARGETED_DEVICE_FAMILY = "1,2";
			};
			name = Release;
		};
		BE81F7862030098600170739 /* Debug */ = {
			isa = XCBuildConfiguration;
			buildSettings = {
				ALWAYS_EMBED_SWIFT_STANDARD_LIBRARIES = YES;
				BUNDLE_LOADER = "$(TEST_HOST)";
				CODE_SIGN_STYLE = Automatic;
				DEVELOPMENT_TEAM = 5GBJP5SBDD;
				INFOPLIST_FILE = EmiratesCSTests/Info.plist;
				LD_RUNPATH_SEARCH_PATHS = "$(inherited) @executable_path/Frameworks @loader_path/Frameworks";
				PRODUCT_BUNDLE_IDENTIFIER = com.casestudy.app.EmiratesCSTests;
				PRODUCT_NAME = "$(TARGET_NAME)";
				SWIFT_VERSION = 4.0;
				TARGETED_DEVICE_FAMILY = "1,2";
				TEST_HOST = "$(BUILT_PRODUCTS_DIR)/EmiratesCS.app/EmiratesCS";
			};
			name = Debug;
		};
		BE81F7872030098600170739 /* Release */ = {
			isa = XCBuildConfiguration;
			buildSettings = {
				ALWAYS_EMBED_SWIFT_STANDARD_LIBRARIES = YES;
				BUNDLE_LOADER = "$(TEST_HOST)";
				CODE_SIGN_STYLE = Automatic;
				DEVELOPMENT_TEAM = 5GBJP5SBDD;
				INFOPLIST_FILE = EmiratesCSTests/Info.plist;
				LD_RUNPATH_SEARCH_PATHS = "$(inherited) @executable_path/Frameworks @loader_path/Frameworks";
				PRODUCT_BUNDLE_IDENTIFIER = com.casestudy.app.EmiratesCSTests;
				PRODUCT_NAME = "$(TARGET_NAME)";
				SWIFT_VERSION = 4.0;
				TARGETED_DEVICE_FAMILY = "1,2";
				TEST_HOST = "$(BUILT_PRODUCTS_DIR)/EmiratesCS.app/EmiratesCS";
			};
			name = Release;
		};
/* End XCBuildConfiguration section */

/* Begin XCConfigurationList section */
		BE81F7602030098500170739 /* Build configuration list for PBXProject "EmiratesCS" */ = {
			isa = XCConfigurationList;
			buildConfigurations = (
				BE81F7802030098600170739 /* Debug */,
				BE81F7812030098600170739 /* Release */,
			);
			defaultConfigurationIsVisible = 0;
			defaultConfigurationName = Release;
		};
		BE81F7822030098600170739 /* Build configuration list for PBXNativeTarget "EmiratesCS" */ = {
			isa = XCConfigurationList;
			buildConfigurations = (
				BE81F7832030098600170739 /* Debug */,
				BE81F7842030098600170739 /* Release */,
			);
			defaultConfigurationIsVisible = 0;
			defaultConfigurationName = Release;
		};
		BE81F7852030098600170739 /* Build configuration list for PBXNativeTarget "EmiratesCSTests" */ = {
			isa = XCConfigurationList;
			buildConfigurations = (
				BE81F7862030098600170739 /* Debug */,
				BE81F7872030098600170739 /* Release */,
			);
			defaultConfigurationIsVisible = 0;
			defaultConfigurationName = Release;
		};
/* End XCConfigurationList section */
	};
	rootObject = BE81F75D2030098500170739 /* Project object */;
}
